
Microsoft Visual Studio Solution File, Format Version 12.00
# Visual Studio 2013
VisualStudioVersion = 12.0.31101.0
MinimumVisualStudioVersion = 10.0.40219.1
Project("{FAE04EC0-301F-11D3-BF4B-00C04F79EFBC}") = "DeKrekelGroup5", "DeKrekelGroup5\DeKrekelGroup5.csproj", "{8EFD49BD-01D5-4E84-A5D8-458EB2B7BD7C}"
EndProject
Project("{FAE04EC0-301F-11D3-BF4B-00C04F79EFBC}") = "DeKrekelGroup5.Tests", "DeKrekelGroup5.Tests\DeKrekelGroup5.Tests.csproj", "{A08B0A29-5A5C-48D4-8263-CD86C2293415}"
EndProject
Global
	GlobalSection(SolutionConfigurationPlatforms) = preSolution
		Debug|Any CPU = Debug|Any CPU
		Release|Any CPU = Release|Any CPU
	EndGlobalSection
	GlobalSection(ProjectConfigurationPlatforms) = postSolution
		{8EFD49BD-01D5-4E84-A5D8-458EB2B7BD7C}.Debug|Any CPU.ActiveCfg = Debug|Any CPU
		{8EFD49BD-01D5-4E84-A5D8-458EB2B7BD7C}.Debug|Any CPU.Build.0 = Debug|Any CPU
		{8EFD49BD-01D5-4E84-A5D8-458EB2B7BD7C}.Release|Any CPU.ActiveCfg = Release|Any CPU
		{8EFD49BD-01D5-4E84-A5D8-458EB2B7BD7C}.Release|Any CPU.Build.0 = Release|Any CPU
		{A08B0A29-5A5C-48D4-8263-CD86C2293415}.Debug|Any CPU.ActiveCfg = Debug|Any CPU
		{A08B0A29-5A5C-48D4-8263-CD86C2293415}.Debug|Any CPU.Build.0 = Debug|Any CPU
		{A08B0A29-5A5C-48D4-8263-CD86C2293415}.Release|Any CPU.ActiveCfg = Release|Any CPU
		{A08B0A29-5A5C-48D4-8263-CD86C2293415}.Release|Any CPU.Build.0 = Release|Any CPU
	EndGlobalSection
	GlobalSection(SolutionProperties) = preSolution
		HideSolutionNode = FALSE
	EndGlobalSection
EndGlobal
